[root]
name = "asmjstest"
version = "0.1.0"
dependencies = [
 "webplatform 0.4.0 (registry+https://github.com/rust-lang/crates.io-index)",
]

[[package]]
name = "libc"
version = "0.2.16"
source = "registry+https://github.com/rust-lang/crates.io-index"

[[package]]
name = "webplatform"
version = "0.4.0"
source = "registry+https://github.com/rust-lang/crates.io-index"
dependencies = [
 "libc 0.2.16 (registry+https://github.com/rust-lang/crates.io-index)",
]

[metadata]
"checksum libc 0.2.16 (registry+https://github.com/rust-lang/crates.io-index)" = "408014cace30ee0f767b1c4517980646a573ec61a57957aeeabcac8ac0a02e8d"
"checksum webplatform 0.4.0 (registry+https://github.com/rust-lang/crates.io-index)" = "acc83fc21a39dadacde78257d56a3dccd4a6f48cf2d6028c69de683c122cc228"
